
Microsoft Visual Studio Solution File, Format Version 12.00
# Visual Studio 2012
Project("{FAE04EC0-301F-11D3-BF4B-00C04F79EFBC}") = "StreetLightGPSPanel", "StreetLightGPSPanel.csproj", "{8DF2F781-4883-4FB2-B73E-03982AB1D1D3}"
EndProject
Project("{FAE04EC0-301F-11D3-BF4B-00C04F79EFBC}") = "CeraDevice", "..\CeraDevice\CeraDevice.csproj", "{EBA6E819-8E52-47A9-A1DC-F4606257DA1A}"
EndProject
Project("{FAE04EC0-301F-11D3-BF4B-00C04F79EFBC}") = "ArcGISLib", "..\..\..\防救災\sshmc\ArcGISLib\ArcGISLib\ArcGISLib.csproj", "{7FBE7288-03C5-488D-8760-2462FE66BFC5}"
EndProject
Project("{FAE04EC0-301F-11D3-BF4B-00C04F79EFBC}") = "WpfTest", "..\WpfTest\WpfTest.csproj", "{F75681E4-0A2A-436D-A0D5-E115944EAF71}"
EndProject
Global
	GlobalSection(SolutionConfigurationPlatforms) = preSolution
		Debug|Any CPU = Debug|Any CPU
		Release|Any CPU = Release|Any CPU
	EndGlobalSection
	GlobalSection(ProjectConfigurationPlatforms) = postSolution
		{8DF2F781-4883-4FB2-B73E-03982AB1D1D3}.Debug|Any CPU.ActiveCfg = Debug|Any CPU
		{8DF2F781-4883-4FB2-B73E-03982AB1D1D3}.Debug|Any CPU.Build.0 = Debug|Any CPU
		{8DF2F781-4883-4FB2-B73E-03982AB1D1D3}.Release|Any CPU.ActiveCfg = Release|Any CPU
		{8DF2F781-4883-4FB2-B73E-03982AB1D1D3}.Release|Any CPU.Build.0 = Release|Any CPU
		{EBA6E819-8E52-47A9-A1DC-F4606257DA1A}.Debug|Any CPU.ActiveCfg = Debug|Any CPU
		{EBA6E819-8E52-47A9-A1DC-F4606257DA1A}.Debug|Any CPU.Build.0 = Debug|Any CPU
		{EBA6E819-8E52-47A9-A1DC-F4606257DA1A}.Release|Any CPU.ActiveCfg = Release|Any CPU
		{EBA6E819-8E52-47A9-A1DC-F4606257DA1A}.Release|Any CPU.Build.0 = Release|Any CPU
		{7FBE7288-03C5-488D-8760-2462FE66BFC5}.Debug|Any CPU.ActiveCfg = Debug|Any CPU
		{7FBE7288-03C5-488D-8760-2462FE66BFC5}.Debug|Any CPU.Build.0 = Debug|Any CPU
		{7FBE7288-03C5-488D-8760-2462FE66BFC5}.Release|Any CPU.ActiveCfg = Release|Any CPU
		{7FBE7288-03C5-488D-8760-2462FE66BFC5}.Release|Any CPU.Build.0 = Release|Any CPU
		{F75681E4-0A2A-436D-A0D5-E115944EAF71}.Debug|Any CPU.ActiveCfg = Debug|Any CPU
		{F75681E4-0A2A-436D-A0D5-E115944EAF71}.Debug|Any CPU.Build.0 = Debug|Any CPU
		{F75681E4-0A2A-436D-A0D5-E115944EAF71}.Release|Any CPU.ActiveCfg = Release|Any CPU
		{F75681E4-0A2A-436D-A0D5-E115944EAF71}.Release|Any CPU.Build.0 = Release|Any CPU
	EndGlobalSection
	GlobalSection(SolutionProperties) = preSolution
		HideSolutionNode = FALSE
	EndGlobalSection
EndGlobal
